
Microsoft Visual Studio Solution File, Format Version 12.00
# Visual Studio 2013
VisualStudioVersion = 12.0.31101.0
MinimumVisualStudioVersion = 10.0.40219.1
Project("{cf39eac4-7d1a-4e48-ac62-52ac7dd2c01d}") = "modified", "modified.csproj", "{de54d1e1-bba0-40b1-88fa-349715c03201}"
EndProject
Global
	GlobalSection(SolutionConfigurationPlatforms) = preSolution
		Debug|Any CPU = Debug|Any CPU
		Release|Any CPU = Release|Any CPU
	EndGlobalSection
	GlobalSection(ProjectConfigurationPlatforms) = postSolution
		{de54d1e1-bba0-40b1-88fa-349715c03201}.Debug|Any CPU.ActiveCfg = Debug|Any CPU
		{de54d1e1-bba0-40b1-88fa-349715c03201}.Debug|Any CPU.Build.0 = Debug|Any CPU
		{de54d1e1-bba0-40b1-88fa-349715c03201}.Release|Any CPU.ActiveCfg = Release|Any CPU
		{de54d1e1-bba0-40b1-88fa-349715c03201}.Release|Any CPU.Build.0 = Release|Any CPU
	EndGlobalSection
	GlobalSection(SolutionProperties) = preSolution
		HideSolutionNode = FALSE
	EndGlobalSection
EndGlobal